
Microsoft Visual Studio Solution File, Format Version 12.00
# Visual Studio 15
VisualStudioVersion = 15.0.27703.2026
MinimumVisualStudioVersion = 10.0.40219.1
Project("{FAE04EC0-301F-11D3-BF4B-00C04F79EFBC}") = "Prime Numbers Between 10 - 50", "Prime Numbers Between 10 - 50\Prime Numbers Between 10 - 50.csproj", "{4D906CD4-DDEB-4A20-A290-5726116130F9}"
EndProject
Global
	GlobalSection(SolutionConfigurationPlatforms) = preSolution
		Debug|Any CPU = Debug|Any CPU
		Release|Any CPU = Release|Any CPU
	EndGlobalSection
	GlobalSection(ProjectConfigurationPlatforms) = postSolution
		{4D906CD4-DDEB-4A20-A290-5726116130F9}.Debug|Any CPU.ActiveCfg = Debug|Any CPU
		{4D906CD4-DDEB-4A20-A290-5726116130F9}.Debug|Any CPU.Build.0 = Debug|Any CPU
		{4D906CD4-DDEB-4A20-A290-5726116130F9}.Release|Any CPU.ActiveCfg = Release|Any CPU
		{4D906CD4-DDEB-4A20-A290-5726116130F9}.Release|Any CPU.Build.0 = Release|Any CPU
	EndGlobalSection
	GlobalSection(SolutionProperties) = preSolution
		HideSolutionNode = FALSE
	EndGlobalSection
	GlobalSection(ExtensibilityGlobals) = postSolution
		SolutionGuid = {0825FF2F-C26C-4592-AD23-34E48DA2098C}
	EndGlobalSection
EndGlobal
